
Microsoft Visual Studio Solution File, Format Version 12.00
# Visual Studio Version 16
VisualStudioVersion = 16.0.33801.447
MinimumVisualStudioVersion = 10.0.40219.1
Project("{FAE04EC0-301F-11D3-BF4B-00C04F79EFBC}") = "Lab.PostgreSQL.Basic", "Lab.PostgreSQL.Basic\Lab.PostgreSQL.Basic.csproj", "{7EF192A3-4160-437B-9A38-EC8AC0E59B97}"
EndProject
Global
	GlobalSection(SolutionConfigurationPlatforms) = preSolution
		Debug|Any CPU = Debug|Any CPU
		Release|Any CPU = Release|Any CPU
	EndGlobalSection
	GlobalSection(ProjectConfigurationPlatforms) = postSolution
		{7EF192A3-4160-437B-9A38-EC8AC0E59B97}.Debug|Any CPU.ActiveCfg = Debug|Any CPU
		{7EF192A3-4160-437B-9A38-EC8AC0E59B97}.Debug|Any CPU.Build.0 = Debug|Any CPU
		{7EF192A3-4160-437B-9A38-EC8AC0E59B97}.Release|Any CPU.ActiveCfg = Release|Any CPU
		{7EF192A3-4160-437B-9A38-EC8AC0E59B97}.Release|Any CPU.Build.0 = Release|Any CPU
	EndGlobalSection
	GlobalSection(SolutionProperties) = preSolution
		HideSolutionNode = FALSE
	EndGlobalSection
	GlobalSection(ExtensibilityGlobals) = postSolution
		SolutionGuid = {FB169F50-4807-4901-8D34-9FCDF5F9C5EE}
	EndGlobalSection
EndGlobal
