
Microsoft Visual Studio Solution File, Format Version 12.00
# Visual Studio Version 16
VisualStudioVersion = 16.0.33801.447
MinimumVisualStudioVersion = 10.0.40219.1
Project("{FAE04EC0-301F-11D3-BF4B-00C04F79EFBC}") = "WebAssemblyServer", "WebAssemblyServer\WebAssemblyServer.csproj", "{FDD98E09-960E-4983-9090-0FE835B393E6}"
EndProject
Global
	GlobalSection(SolutionConfigurationPlatforms) = preSolution
		Debug|Any CPU = Debug|Any CPU
		Release|Any CPU = Release|Any CPU
	EndGlobalSection
	GlobalSection(ProjectConfigurationPlatforms) = postSolution
		{FDD98E09-960E-4983-9090-0FE835B393E6}.Debug|Any CPU.ActiveCfg = Debug|Any CPU
		{FDD98E09-960E-4983-9090-0FE835B393E6}.Debug|Any CPU.Build.0 = Debug|Any CPU
		{FDD98E09-960E-4983-9090-0FE835B393E6}.Release|Any CPU.ActiveCfg = Release|Any CPU
		{FDD98E09-960E-4983-9090-0FE835B393E6}.Release|Any CPU.Build.0 = Release|Any CPU
	EndGlobalSection
	GlobalSection(SolutionProperties) = preSolution
		HideSolutionNode = FALSE
	EndGlobalSection
	GlobalSection(ExtensibilityGlobals) = postSolution
		SolutionGuid = {68C7DAA1-D41C-451F-895D-0324F9B920E8}
	EndGlobalSection
EndGlobal
