
Microsoft Visual Studio Solution File, Format Version 12.00
# Visual Studio Version 16
VisualStudioVersion = 16.0.33027.164
MinimumVisualStudioVersion = 10.0.40219.1
Project("{FAE04EC0-301F-11D3-BF4B-00C04F79EFBC}") = "EsuhaiSchedule.Api", "EsuhaiSchedule.Api\EsuhaiSchedule.Api.csproj", "{A471AF44-B5D2-4D4C-8506-2B2BE120C9B1}"
EndProject
Project("{FAE04EC0-301F-11D3-BF4B-00C04F79EFBC}") = "EsuhaiSchedule.Services", "EsuhaiSchedule.Services\EsuhaiSchedule.Services.csproj", "{8080D56F-2910-43CE-B0DE-CA6D0DEE801B}"
EndProject
Global
	GlobalSection(SolutionConfigurationPlatforms) = preSolution
		Debug|Any CPU = Debug|Any CPU
		Release|Any CPU = Release|Any CPU
	EndGlobalSection
	GlobalSection(ProjectConfigurationPlatforms) = postSolution
		{A471AF44-B5D2-4D4C-8506-2B2BE120C9B1}.Debug|Any CPU.ActiveCfg = Debug|Any CPU
		{A471AF44-B5D2-4D4C-8506-2B2BE120C9B1}.Debug|Any CPU.Build.0 = Debug|Any CPU
		{A471AF44-B5D2-4D4C-8506-2B2BE120C9B1}.Release|Any CPU.ActiveCfg = Release|Any CPU
		{A471AF44-B5D2-4D4C-8506-2B2BE120C9B1}.Release|Any CPU.Build.0 = Release|Any CPU
		{8080D56F-2910-43CE-B0DE-CA6D0DEE801B}.Debug|Any CPU.ActiveCfg = Debug|Any CPU
		{8080D56F-2910-43CE-B0DE-CA6D0DEE801B}.Debug|Any CPU.Build.0 = Debug|Any CPU
		{8080D56F-2910-43CE-B0DE-CA6D0DEE801B}.Release|Any CPU.ActiveCfg = Release|Any CPU
		{8080D56F-2910-43CE-B0DE-CA6D0DEE801B}.Release|Any CPU.Build.0 = Release|Any CPU
	EndGlobalSection
	GlobalSection(SolutionProperties) = preSolution
		HideSolutionNode = FALSE
	EndGlobalSection
	GlobalSection(ExtensibilityGlobals) = postSolution
		SolutionGuid = {14D94B0C-AD33-422C-92D4-83BCDAFA8B6D}
	EndGlobalSection
EndGlobal
