
Microsoft Visual Studio Solution File, Format Version 12.00
# Visual Studio Version 16
VisualStudioVersion = 16.0.33801.447
MinimumVisualStudioVersion = 10.0.40219.1
Project("{FAE04EC0-301F-11D3-BF4B-00C04F79EFBC}") = "Api", "Api\Api.csproj", "{FBCA9074-BD28-4845-8AC4-0554C4BDB1D7}"
EndProject
Project("{FAE04EC0-301F-11D3-BF4B-00C04F79EFBC}") = "Api.Test", "Api.Test\Api.Test.csproj", "{31611F5F-9B54-46D0-A059-E26AAB5584FC}"
EndProject
Global
	GlobalSection(SolutionConfigurationPlatforms) = preSolution
		Debug|Any CPU = Debug|Any CPU
		Release|Any CPU = Release|Any CPU
	EndGlobalSection
	GlobalSection(ProjectConfigurationPlatforms) = postSolution
		{FBCA9074-BD28-4845-8AC4-0554C4BDB1D7}.Debug|Any CPU.ActiveCfg = Debug|Any CPU
		{FBCA9074-BD28-4845-8AC4-0554C4BDB1D7}.Debug|Any CPU.Build.0 = Debug|Any CPU
		{FBCA9074-BD28-4845-8AC4-0554C4BDB1D7}.Release|Any CPU.ActiveCfg = Release|Any CPU
		{FBCA9074-BD28-4845-8AC4-0554C4BDB1D7}.Release|Any CPU.Build.0 = Release|Any CPU
		{31611F5F-9B54-46D0-A059-E26AAB5584FC}.Debug|Any CPU.ActiveCfg = Debug|Any CPU
		{31611F5F-9B54-46D0-A059-E26AAB5584FC}.Debug|Any CPU.Build.0 = Debug|Any CPU
		{31611F5F-9B54-46D0-A059-E26AAB5584FC}.Release|Any CPU.ActiveCfg = Release|Any CPU
		{31611F5F-9B54-46D0-A059-E26AAB5584FC}.Release|Any CPU.Build.0 = Release|Any CPU
	EndGlobalSection
	GlobalSection(SolutionProperties) = preSolution
		HideSolutionNode = FALSE
	EndGlobalSection
	GlobalSection(ExtensibilityGlobals) = postSolution
		SolutionGuid = {A86781AD-A65D-4432-9BEC-7A3097309BB1}
	EndGlobalSection
EndGlobal
