
Microsoft Visual Studio Solution File, Format Version 12.00
# Visual Studio Version 16
VisualStudioVersion = 16.0.33801.447
MinimumVisualStudioVersion = 10.0.40219.1
Project("{FAE04EC0-301F-11D3-BF4B-00C04F79EFBC}") = "Lab.WorkerService.Basic", "Lab.WorkerService.Basic\Lab.WorkerService.Basic.csproj", "{6213E1D9-27B6-46C6-A868-C2E695E6E4E4}"
EndProject
Global
	GlobalSection(SolutionConfigurationPlatforms) = preSolution
		Debug|Any CPU = Debug|Any CPU
		Release|Any CPU = Release|Any CPU
	EndGlobalSection
	GlobalSection(ProjectConfigurationPlatforms) = postSolution
		{6213E1D9-27B6-46C6-A868-C2E695E6E4E4}.Debug|Any CPU.ActiveCfg = Debug|Any CPU
		{6213E1D9-27B6-46C6-A868-C2E695E6E4E4}.Debug|Any CPU.Build.0 = Debug|Any CPU
		{6213E1D9-27B6-46C6-A868-C2E695E6E4E4}.Release|Any CPU.ActiveCfg = Release|Any CPU
		{6213E1D9-27B6-46C6-A868-C2E695E6E4E4}.Release|Any CPU.Build.0 = Release|Any CPU
	EndGlobalSection
	GlobalSection(SolutionProperties) = preSolution
		HideSolutionNode = FALSE
	EndGlobalSection
	GlobalSection(ExtensibilityGlobals) = postSolution
		SolutionGuid = {959D7828-13DE-472B-9BB2-0E2FAB6B29FC}
	EndGlobalSection
EndGlobal
