
Microsoft Visual Studio Solution File, Format Version 12.00
# Visual Studio Version 16
VisualStudioVersion = 16.0.33027.164
MinimumVisualStudioVersion = 10.0.40219.1
Project("{FAE04EC0-301F-11D3-BF4B-00C04F79EFBC}") = "API", "API\API.csproj", "{B078D0BA-6431-4531-8917-EE54D84C53B6}"
EndProject
Global
	GlobalSection(SolutionConfigurationPlatforms) = preSolution
		Debug|Any CPU = Debug|Any CPU
		Release|Any CPU = Release|Any CPU
	EndGlobalSection
	GlobalSection(ProjectConfigurationPlatforms) = postSolution
		{B078D0BA-6431-4531-8917-EE54D84C53B6}.Debug|Any CPU.ActiveCfg = Debug|Any CPU
		{B078D0BA-6431-4531-8917-EE54D84C53B6}.Debug|Any CPU.Build.0 = Debug|Any CPU
		{B078D0BA-6431-4531-8917-EE54D84C53B6}.Release|Any CPU.ActiveCfg = Release|Any CPU
		{B078D0BA-6431-4531-8917-EE54D84C53B6}.Release|Any CPU.Build.0 = Release|Any CPU
	EndGlobalSection
	GlobalSection(SolutionProperties) = preSolution
		HideSolutionNode = FALSE
	EndGlobalSection
	GlobalSection(ExtensibilityGlobals) = postSolution
		SolutionGuid = {4F7FE3A5-7562-47DF-A8BE-3B84E89B6D7E}
	EndGlobalSection
EndGlobal
