
Microsoft Visual Studio Solution File, Format Version 12.00
# Visual Studio Version 16
VisualStudioVersion = 16.0.33328.57
MinimumVisualStudioVersion = 10.0.40219.1
Project("{FAE04EC0-301F-11D3-BF4B-00C04F79EFBC}") = "BE", "BE\BE.csproj", "{425645BB-BDBF-4548-B051-097A0FFC6C86}"
EndProject
Global
	GlobalSection(SolutionConfigurationPlatforms) = preSolution
		Debug|Any CPU = Debug|Any CPU
		Release|Any CPU = Release|Any CPU
	EndGlobalSection
	GlobalSection(ProjectConfigurationPlatforms) = postSolution
		{425645BB-BDBF-4548-B051-097A0FFC6C86}.Debug|Any CPU.ActiveCfg = Debug|Any CPU
		{425645BB-BDBF-4548-B051-097A0FFC6C86}.Debug|Any CPU.Build.0 = Debug|Any CPU
		{425645BB-BDBF-4548-B051-097A0FFC6C86}.Release|Any CPU.ActiveCfg = Release|Any CPU
		{425645BB-BDBF-4548-B051-097A0FFC6C86}.Release|Any CPU.Build.0 = Release|Any CPU
	EndGlobalSection
	GlobalSection(SolutionProperties) = preSolution
		HideSolutionNode = FALSE
	EndGlobalSection
	GlobalSection(ExtensibilityGlobals) = postSolution
		SolutionGuid = {FF6B8D0B-C3E1-4094-A6FD-C1AD05B039A8}
	EndGlobalSection
EndGlobal
